{
  "name": "lazy-loader-test",
  "version": "1.0.0",
  "lockfileVersion": 3,
  "requires": true,
  "packages": {
    "": {
      "name": "lazy-loader-test",
      "version": "1.0.0",
      "license": "ISC",
      "devDependencies": {
        "custom-element-lazy-loader": "^1.1.1"
      }
    },
    "node_modules/custom-element-lazy-loader": {
      "version": "1.1.1",
      "resolved": "https://registry.npmjs.org/custom-element-lazy-loader/-/custom-element-lazy-loader-1.1.1.tgz",
      "integrity": "sha512-VlmM7QVzgkptRlKwB9WwX0t25h2z10Nl9LNF6N0/LbORZT01wZuwEpZCbWkurljxs9JvF6zzxvz+jd955AyKwA==",
      "dev": true,
      "dependencies": {
        "prettier": "^2.4.1"
      }
    },
    "node_modules/prettier": {
      "version": "2.8.8",
      "resolved": "https://registry.npmjs.org/prettier/-/prettier-2.8.8.tgz",
      "integrity": "sha512-tdN8qQGvNjw4CHbY+XXk0JgCXn9QiF21a55rBe5LJAU+kDyC4WQn4+awm2Xfk2lQMk5fKup9XgzTZtGkjBdP9Q==",
      "dev": true,
      "bin": {
        "prettier": "bin-prettier.js"
      },
      "engines": {
        "node": ">=10.13.0"
      },
      "funding": {
        "url": "https://github.com/prettier/prettier?sponsor=1"
      }
    }
  }
}
